
Microsoft Visual Studio Solution File, Format Version 12.00
# Visual Studio Version 16
VisualStudioVersion = 16.0.30711.63
MinimumVisualStudioVersion = 10.0.40219.1
Project("{FAE04EC0-301F-11D3-BF4B-00C04F79EFBC}") = "PrimeiraApi", "PrimeiraApi\PrimeiraApi.csproj", "{C1249344-C293-4330-9996-6BDFA21A9CF2}"
EndProject
Global
	GlobalSection(SolutionConfigurationPlatforms) = preSolution
		Debug|Any CPU = Debug|Any CPU
		Release|Any CPU = Release|Any CPU
	EndGlobalSection
	GlobalSection(ProjectConfigurationPlatforms) = postSolution
		{C1249344-C293-4330-9996-6BDFA21A9CF2}.Debug|Any CPU.ActiveCfg = Debug|Any CPU
		{C1249344-C293-4330-9996-6BDFA21A9CF2}.Debug|Any CPU.Build.0 = Debug|Any CPU
		{C1249344-C293-4330-9996-6BDFA21A9CF2}.Release|Any CPU.ActiveCfg = Release|Any CPU
		{C1249344-C293-4330-9996-6BDFA21A9CF2}.Release|Any CPU.Build.0 = Release|Any CPU
	EndGlobalSection
	GlobalSection(SolutionProperties) = preSolution
		HideSolutionNode = FALSE
	EndGlobalSection
	GlobalSection(ExtensibilityGlobals) = postSolution
		SolutionGuid = {A3C86FA6-0BED-4BE8-8A07-D8E28800873D}
	EndGlobalSection
EndGlobal
